
Microsoft Visual Studio Solution File, Format Version 12.00
# Visual Studio Version 17
VisualStudioVersion = 17.4.33213.308
MinimumVisualStudioVersion = 10.0.40219.1
Project("{FAE04EC0-301F-11D3-BF4B-00C04F79EFBC}") = "FunctioalErrorHandling", "FunctioalErrorHandling\FunctioalErrorHandling.csproj", "{BEB6BB95-0D56-4CBE-B837-C3AED8ED7EED}"
EndProject
Global
	GlobalSection(SolutionConfigurationPlatforms) = preSolution
		Debug|Any CPU = Debug|Any CPU
		Release|Any CPU = Release|Any CPU
	EndGlobalSection
	GlobalSection(ProjectConfigurationPlatforms) = postSolution
		{BEB6BB95-0D56-4CBE-B837-C3AED8ED7EED}.Debug|Any CPU.ActiveCfg = Debug|Any CPU
		{BEB6BB95-0D56-4CBE-B837-C3AED8ED7EED}.Debug|Any CPU.Build.0 = Debug|Any CPU
		{BEB6BB95-0D56-4CBE-B837-C3AED8ED7EED}.Release|Any CPU.ActiveCfg = Release|Any CPU
		{BEB6BB95-0D56-4CBE-B837-C3AED8ED7EED}.Release|Any CPU.Build.0 = Release|Any CPU
	EndGlobalSection
	GlobalSection(SolutionProperties) = preSolution
		HideSolutionNode = FALSE
	EndGlobalSection
	GlobalSection(ExtensibilityGlobals) = postSolution
		SolutionGuid = {5A0151F5-B468-46C7-83CC-99F92F3A088C}
	EndGlobalSection
EndGlobal
